// !$*UTF8*$!
{
	archiveVersion = 1;
	classes = {
	};
	objectVersion = 55;
	objects = {

/* Begin PBXBuildFile section */
		25A364E0287829F900507DA5 /* ProductImageData.swift in Sources */ = {isa = PBXBuildFile; fileRef = 25A364DF287829F900507DA5 /* ProductImageData.swift */; };
		25A364E228782B8500507DA5 /* ProductImageViewModel.swift in Sources */ = {isa = PBXBuildFile; fileRef = 25A364E128782B8500507DA5 /* ProductImageViewModel.swift */; };
		25BBADFD286D9F29007D0922 /* ProductsSection.storyboard in Resources */ = {isa = PBXBuildFile; fileRef = 25BBADFC286D9F29007D0922 /* ProductsSection.storyboard */; };
		25BBADFF286D9F3D007D0922 /* ProductsVC.swift in Sources */ = {isa = PBXBuildFile; fileRef = 25BBADFE286D9F3D007D0922 /* ProductsVC.swift */; };
		25BBAE10286E0E51007D0922 /* ProductsViewModel.swift in Sources */ = {isa = PBXBuildFile; fileRef = 25BBAE0F286E0E51007D0922 /* ProductsViewModel.swift */; };
		25BBAE14286E0ECF007D0922 /* ProductCVC.swift in Sources */ = {isa = PBXBuildFile; fileRef = 25BBAE13286E0ECF007D0922 /* ProductCVC.swift */; };
		25BBAE16286E0EF2007D0922 /* ProductData.swift in Sources */ = {isa = PBXBuildFile; fileRef = 25BBAE15286E0EF2007D0922 /* ProductData.swift */; };
		25FA1FA12871BD6C0099D6FF /* SubTVC.swift in Sources */ = {isa = PBXBuildFile; fileRef = 25FA1FA02871BD6C0099D6FF /* SubTVC.swift */; };
		25FA1FE42872EF590099D6FF /* DetailTableData.swift in Sources */ = {isa = PBXBuildFile; fileRef = 25FA1FE32872EF590099D6FF /* DetailTableData.swift */; };
		25FA1FE62872F0CB0099D6FF /* DetailsViewModel.swift in Sources */ = {isa = PBXBuildFile; fileRef = 25FA1FE52872F0CB0099D6FF /* DetailsViewModel.swift */; };
		25FA1FE92872F68A0099D6FF /* ProductsDisplayVC.swift in Sources */ = {isa = PBXBuildFile; fileRef = 25FA1FE82872F68A0099D6FF /* ProductsDisplayVC.swift */; };
		25FA1FEB287399870099D6FF /* DetailCVC.swift in Sources */ = {isa = PBXBuildFile; fileRef = 25FA1FEA287399870099D6FF /* DetailCVC.swift */; };
		25FD5C6F286E430700A0048A /* ProductListVC.swift in Sources */ = {isa = PBXBuildFile; fileRef = 25FD5C6E286E430700A0048A /* ProductListVC.swift */; };
		25FD5C71286E432300A0048A /* CustomerServiceVC.swift in Sources */ = {isa = PBXBuildFile; fileRef = 25FD5C70286E432300A0048A /* CustomerServiceVC.swift */; };
		25FD5C73286E435000A0048A /* SettingsVC.swift in Sources */ = {isa = PBXBuildFile; fileRef = 25FD5C72286E435000A0048A /* SettingsVC.swift */; };
		25FD5C76287032CF00A0048A /* ProductDataService.swift in Sources */ = {isa = PBXBuildFile; fileRef = 25FD5C75287032CF00A0048A /* ProductDataService.swift */; };
		25FD5C782870D4E700A0048A /* SubTableData.swift in Sources */ = {isa = PBXBuildFile; fileRef = 25FD5C772870D4E700A0048A /* SubTableData.swift */; };
		25FD5C7A2871084000A0048A /* SubTableViewModel.swift in Sources */ = {isa = PBXBuildFile; fileRef = 25FD5C792871084000A0048A /* SubTableViewModel.swift */; };
		94CF0B3F286B44420093D0F4 /* AppDelegate.swift in Sources */ = {isa = PBXBuildFile; fileRef = 94CF0B3E286B44420093D0F4 /* AppDelegate.swift */; };
		94CF0B41286B44420093D0F4 /* SceneDelegate.swift in Sources */ = {isa = PBXBuildFile; fileRef = 94CF0B40286B44420093D0F4 /* SceneDelegate.swift */; };
		94CF0B43286B44420093D0F4 /* ViewController.swift in Sources */ = {isa = PBXBuildFile; fileRef = 94CF0B42286B44420093D0F4 /* ViewController.swift */; };
		94CF0B46286B44420093D0F4 /* Main.storyboard in Resources */ = {isa = PBXBuildFile; fileRef = 94CF0B44286B44420093D0F4 /* Main.storyboard */; };
		94CF0B49286B44420093D0F4 /* Pick_PayStore.xcdatamodeld in Sources */ = {isa = PBXBuildFile; fileRef = 94CF0B47286B44420093D0F4 /* Pick_PayStore.xcdatamodeld */; };
		94CF0B4B286B44460093D0F4 /* Assets.xcassets in Resources */ = {isa = PBXBuildFile; fileRef = 94CF0B4A286B44460093D0F4 /* Assets.xcassets */; };
		94CF0B4E286B44460093D0F4 /* LaunchScreen.storyboard in Resources */ = {isa = PBXBuildFile; fileRef = 94CF0B4C286B44460093D0F4 /* LaunchScreen.storyboard */; };
		94CF0B59286B44460093D0F4 /* Pick_PayStoreTests.swift in Sources */ = {isa = PBXBuildFile; fileRef = 94CF0B58286B44460093D0F4 /* Pick_PayStoreTests.swift */; };
		94CF0B63286B44460093D0F4 /* Pick_PayStoreUITests.swift in Sources */ = {isa = PBXBuildFile; fileRef = 94CF0B62286B44460093D0F4 /* Pick_PayStoreUITests.swift */; };
		94CF0B65286B44460093D0F4 /* Pick_PayStoreUITestsLaunchTests.swift in Sources */ = {isa = PBXBuildFile; fileRef = 94CF0B64286B44460093D0F4 /* Pick_PayStoreUITestsLaunchTests.swift */; };
		94E9E3AD286B92C500B3CD2F /* CustomUIView.swift in Sources */ = {isa = PBXBuildFile; fileRef = 94E9E3AC286B92C400B3CD2F /* CustomUIView.swift */; };
		94E9E3AF286B92DF00B3CD2F /* CustomUIButton.swift in Sources */ = {isa = PBXBuildFile; fileRef = 94E9E3AE286B92DF00B3CD2F /* CustomUIButton.swift */; };
		94E9E3B1286B92EE00B3CD2F /* CustomUIHeader.swift in Sources */ = {isa = PBXBuildFile; fileRef = 94E9E3B0286B92EE00B3CD2F /* CustomUIHeader.swift */; };
		94E9E3B3286B936400B3CD2F /* UITest.storyboard in Resources */ = {isa = PBXBuildFile; fileRef = 94E9E3B2286B936400B3CD2F /* UITest.storyboard */; };
		94F83DC4286E31AC001DAEA2 /* Product+CoreDataClass.swift in Sources */ = {isa = PBXBuildFile; fileRef = 94F83DBE286E31AC001DAEA2 /* Product+CoreDataClass.swift */; };
		94F83DC5286E31AC001DAEA2 /* Product+CoreDataProperties.swift in Sources */ = {isa = PBXBuildFile; fileRef = 94F83DBF286E31AC001DAEA2 /* Product+CoreDataProperties.swift */; };
		94F83DC6286E31AC001DAEA2 /* User+CoreDataClass.swift in Sources */ = {isa = PBXBuildFile; fileRef = 94F83DC0286E31AC001DAEA2 /* User+CoreDataClass.swift */; };
		94F83DC7286E31AC001DAEA2 /* User+CoreDataProperties.swift in Sources */ = {isa = PBXBuildFile; fileRef = 94F83DC1286E31AC001DAEA2 /* User+CoreDataProperties.swift */; };
		94F83DCA286E31ED001DAEA2 /* Cart+CoreDataClass.swift in Sources */ = {isa = PBXBuildFile; fileRef = 94F83DC8286E31ED001DAEA2 /* Cart+CoreDataClass.swift */; };
		94F83DCB286E31ED001DAEA2 /* Cart+CoreDataProperties.swift in Sources */ = {isa = PBXBuildFile; fileRef = 94F83DC9286E31ED001DAEA2 /* Cart+CoreDataProperties.swift */; };
		94F83DCE286E32DD001DAEA2 /* Review+CoreDataClass.swift in Sources */ = {isa = PBXBuildFile; fileRef = 94F83DCC286E32DD001DAEA2 /* Review+CoreDataClass.swift */; };
		94F83DCF286E32DD001DAEA2 /* Review+CoreDataProperties.swift in Sources */ = {isa = PBXBuildFile; fileRef = 94F83DCD286E32DD001DAEA2 /* Review+CoreDataProperties.swift */; };
		94F83DD2286E3423001DAEA2 /* Category+CoreDataClass.swift in Sources */ = {isa = PBXBuildFile; fileRef = 94F83DD0286E3423001DAEA2 /* Category+CoreDataClass.swift */; };
		94F83DD3286E3423001DAEA2 /* Category+CoreDataProperties.swift in Sources */ = {isa = PBXBuildFile; fileRef = 94F83DD1286E3423001DAEA2 /* Category+CoreDataProperties.swift */; };
/* End PBXBuildFile section */

/* Begin PBXContainerItemProxy section */
		94CF0B55286B44460093D0F4 /* PBXContainerItemProxy */ = {
			isa = PBXContainerItemProxy;
			containerPortal = 94CF0B33286B44420093D0F4 /* Project object */;
			proxyType = 1;
			remoteGlobalIDString = 94CF0B3A286B44420093D0F4;
			remoteInfo = "Pick&PayStore";
		};
		94CF0B5F286B44460093D0F4 /* PBXContainerItemProxy */ = {
			isa = PBXContainerItemProxy;
			containerPortal = 94CF0B33286B44420093D0F4 /* Project object */;
			proxyType = 1;
			remoteGlobalIDString = 94CF0B3A286B44420093D0F4;
			remoteInfo = "Pick&PayStore";
		};
/* End PBXContainerItemProxy section */

/* Begin PBXFileReference section */
		25A364DF287829F900507DA5 /* ProductImageData.swift */ = {isa = PBXFileReference; lastKnownFileType = sourcecode.swift; path = ProductImageData.swift; sourceTree = "<group>"; };
		25A364E128782B8500507DA5 /* ProductImageViewModel.swift */ = {isa = PBXFileReference; lastKnownFileType = sourcecode.swift; path = ProductImageViewModel.swift; sourceTree = "<group>"; };
		25BBADFC286D9F29007D0922 /* ProductsSection.storyboard */ = {isa = PBXFileReference; lastKnownFileType = file.storyboard; path = ProductsSection.storyboard; sourceTree = "<group>"; };
		25BBADFE286D9F3D007D0922 /* ProductsVC.swift */ = {isa = PBXFileReference; lastKnownFileType = sourcecode.swift; path = ProductsVC.swift; sourceTree = "<group>"; };
		25BBAE0F286E0E51007D0922 /* ProductsViewModel.swift */ = {isa = PBXFileReference; lastKnownFileType = sourcecode.swift; path = ProductsViewModel.swift; sourceTree = "<group>"; };
		25BBAE13286E0ECF007D0922 /* ProductCVC.swift */ = {isa = PBXFileReference; lastKnownFileType = sourcecode.swift; path = ProductCVC.swift; sourceTree = "<group>"; };
		25BBAE15286E0EF2007D0922 /* ProductData.swift */ = {isa = PBXFileReference; lastKnownFileType = sourcecode.swift; path = ProductData.swift; sourceTree = "<group>"; };
		25FA1FA02871BD6C0099D6FF /* SubTVC.swift */ = {isa = PBXFileReference; lastKnownFileType = sourcecode.swift; path = SubTVC.swift; sourceTree = "<group>"; };
		25FA1FE32872EF590099D6FF /* DetailTableData.swift */ = {isa = PBXFileReference; lastKnownFileType = sourcecode.swift; path = DetailTableData.swift; sourceTree = "<group>"; };
		25FA1FE52872F0CB0099D6FF /* DetailsViewModel.swift */ = {isa = PBXFileReference; lastKnownFileType = sourcecode.swift; path = DetailsViewModel.swift; sourceTree = "<group>"; };
		25FA1FE82872F68A0099D6FF /* ProductsDisplayVC.swift */ = {isa = PBXFileReference; lastKnownFileType = sourcecode.swift; path = ProductsDisplayVC.swift; sourceTree = "<group>"; };
		25FA1FEA287399870099D6FF /* DetailCVC.swift */ = {isa = PBXFileReference; lastKnownFileType = sourcecode.swift; path = DetailCVC.swift; sourceTree = "<group>"; };
		25FD5C6E286E430700A0048A /* ProductListVC.swift */ = {isa = PBXFileReference; lastKnownFileType = sourcecode.swift; path = ProductListVC.swift; sourceTree = "<group>"; };
		25FD5C70286E432300A0048A /* CustomerServiceVC.swift */ = {isa = PBXFileReference; lastKnownFileType = sourcecode.swift; path = CustomerServiceVC.swift; sourceTree = "<group>"; };
		25FD5C72286E435000A0048A /* SettingsVC.swift */ = {isa = PBXFileReference; lastKnownFileType = sourcecode.swift; path = SettingsVC.swift; sourceTree = "<group>"; };
		25FD5C75287032CF00A0048A /* ProductDataService.swift */ = {isa = PBXFileReference; lastKnownFileType = sourcecode.swift; path = ProductDataService.swift; sourceTree = "<group>"; };
		25FD5C772870D4E700A0048A /* SubTableData.swift */ = {isa = PBXFileReference; lastKnownFileType = sourcecode.swift; path = SubTableData.swift; sourceTree = "<group>"; };
		25FD5C792871084000A0048A /* SubTableViewModel.swift */ = {isa = PBXFileReference; lastKnownFileType = sourcecode.swift; path = SubTableViewModel.swift; sourceTree = "<group>"; };
		94CF0B3B286B44420093D0F4 /* Pick&PayStore.app */ = {isa = PBXFileReference; explicitFileType = wrapper.application; includeInIndex = 0; path = "Pick&PayStore.app"; sourceTree = BUILT_PRODUCTS_DIR; };
		94CF0B3E286B44420093D0F4 /* AppDelegate.swift */ = {isa = PBXFileReference; lastKnownFileType = sourcecode.swift; path = AppDelegate.swift; sourceTree = "<group>"; };
		94CF0B40286B44420093D0F4 /* SceneDelegate.swift */ = {isa = PBXFileReference; lastKnownFileType = sourcecode.swift; path = SceneDelegate.swift; sourceTree = "<group>"; };
		94CF0B42286B44420093D0F4 /* ViewController.swift */ = {isa = PBXFileReference; lastKnownFileType = sourcecode.swift; path = ViewController.swift; sourceTree = "<group>"; };
		94CF0B45286B44420093D0F4 /* Base */ = {isa = PBXFileReference; lastKnownFileType = file.storyboard; name = Base; path = Base.lproj/Main.storyboard; sourceTree = "<group>"; };
		94CF0B48286B44420093D0F4 /* Pick_PayStore.xcdatamodel */ = {isa = PBXFileReference; lastKnownFileType = wrapper.xcdatamodel; path = Pick_PayStore.xcdatamodel; sourceTree = "<group>"; };
		94CF0B4A286B44460093D0F4 /* Assets.xcassets */ = {isa = PBXFileReference; lastKnownFileType = folder.assetcatalog; path = Assets.xcassets; sourceTree = "<group>"; };
		94CF0B4D286B44460093D0F4 /* Base */ = {isa = PBXFileReference; lastKnownFileType = file.storyboard; name = Base; path = Base.lproj/LaunchScreen.storyboard; sourceTree = "<group>"; };
		94CF0B4F286B44460093D0F4 /* Info.plist */ = {isa = PBXFileReference; lastKnownFileType = text.plist.xml; path = Info.plist; sourceTree = "<group>"; };
		94CF0B54286B44460093D0F4 /* Pick&PayStoreTests.xctest */ = {isa = PBXFileReference; explicitFileType = wrapper.cfbundle; includeInIndex = 0; path = "Pick&PayStoreTests.xctest"; sourceTree = BUILT_PRODUCTS_DIR; };
		94CF0B58286B44460093D0F4 /* Pick_PayStoreTests.swift */ = {isa = PBXFileReference; lastKnownFileType = sourcecode.swift; path = Pick_PayStoreTests.swift; sourceTree = "<group>"; };
		94CF0B5E286B44460093D0F4 /* Pick&PayStoreUITests.xctest */ = {isa = PBXFileReference; explicitFileType = wrapper.cfbundle; includeInIndex = 0; path = "Pick&PayStoreUITests.xctest"; sourceTree = BUILT_PRODUCTS_DIR; };
		94CF0B62286B44460093D0F4 /* Pick_PayStoreUITests.swift */ = {isa = PBXFileReference; lastKnownFileType = sourcecode.swift; path = Pick_PayStoreUITests.swift; sourceTree = "<group>"; };
		94CF0B64286B44460093D0F4 /* Pick_PayStoreUITestsLaunchTests.swift */ = {isa = PBXFileReference; lastKnownFileType = sourcecode.swift; path = Pick_PayStoreUITestsLaunchTests.swift; sourceTree = "<group>"; };
		94E9E3AC286B92C400B3CD2F /* CustomUIView.swift */ = {isa = PBXFileReference; lastKnownFileType = sourcecode.swift; path = CustomUIView.swift; sourceTree = "<group>"; };
		94E9E3AE286B92DF00B3CD2F /* CustomUIButton.swift */ = {isa = PBXFileReference; lastKnownFileType = sourcecode.swift; path = CustomUIButton.swift; sourceTree = "<group>"; };
		94E9E3B0286B92EE00B3CD2F /* CustomUIHeader.swift */ = {isa = PBXFileReference; lastKnownFileType = sourcecode.swift; path = CustomUIHeader.swift; sourceTree = "<group>"; };
		94E9E3B2286B936400B3CD2F /* UITest.storyboard */ = {isa = PBXFileReference; lastKnownFileType = file.storyboard; path = UITest.storyboard; sourceTree = "<group>"; };
		94F83DBE286E31AC001DAEA2 /* Product+CoreDataClass.swift */ = {isa = PBXFileReference; lastKnownFileType = sourcecode.swift; path = "Product+CoreDataClass.swift"; sourceTree = "<group>"; };
		94F83DBF286E31AC001DAEA2 /* Product+CoreDataProperties.swift */ = {isa = PBXFileReference; lastKnownFileType = sourcecode.swift; path = "Product+CoreDataProperties.swift"; sourceTree = "<group>"; };
		94F83DC0286E31AC001DAEA2 /* User+CoreDataClass.swift */ = {isa = PBXFileReference; lastKnownFileType = sourcecode.swift; path = "User+CoreDataClass.swift"; sourceTree = "<group>"; };
		94F83DC1286E31AC001DAEA2 /* User+CoreDataProperties.swift */ = {isa = PBXFileReference; lastKnownFileType = sourcecode.swift; path = "User+CoreDataProperties.swift"; sourceTree = "<group>"; };
		94F83DC8286E31ED001DAEA2 /* Cart+CoreDataClass.swift */ = {isa = PBXFileReference; lastKnownFileType = sourcecode.swift; path = "Cart+CoreDataClass.swift"; sourceTree = "<group>"; };
		94F83DC9286E31ED001DAEA2 /* Cart+CoreDataProperties.swift */ = {isa = PBXFileReference; lastKnownFileType = sourcecode.swift; path = "Cart+CoreDataProperties.swift"; sourceTree = "<group>"; };
		94F83DCC286E32DD001DAEA2 /* Review+CoreDataClass.swift */ = {isa = PBXFileReference; lastKnownFileType = sourcecode.swift; path = "Review+CoreDataClass.swift"; sourceTree = "<group>"; };
		94F83DCD286E32DD001DAEA2 /* Review+CoreDataProperties.swift */ = {isa = PBXFileReference; lastKnownFileType = sourcecode.swift; path = "Review+CoreDataProperties.swift"; sourceTree = "<group>"; };
		94F83DD0286E3423001DAEA2 /* Category+CoreDataClass.swift */ = {isa = PBXFileReference; lastKnownFileType = sourcecode.swift; path = "Category+CoreDataClass.swift"; sourceTree = "<group>"; };
		94F83DD1286E3423001DAEA2 /* Category+CoreDataProperties.swift */ = {isa = PBXFileReference; lastKnownFileType = sourcecode.swift; path = "Category+CoreDataProperties.swift"; sourceTree = "<group>"; };
/* End PBXFileReference section */

/* Begin PBXFrameworksBuildPhase section */
		94CF0B38286B44420093D0F4 /* Frameworks */ = {
			isa = PBXFrameworksBuildPhase;
			buildActionMask = 2147483647;
			files = (
			);
			runOnlyForDeploymentPostprocessing = 0;
		};
		94CF0B51286B44460093D0F4 /* Frameworks */ = {
			isa = PBXFrameworksBuildPhase;
			buildActionMask = 2147483647;
			files = (
			);
			runOnlyForDeploymentPostprocessing = 0;
		};
		94CF0B5B286B44460093D0F4 /* Frameworks */ = {
			isa = PBXFrameworksBuildPhase;
			buildActionMask = 2147483647;
			files = (
			);
			runOnlyForDeploymentPostprocessing = 0;
		};
/* End PBXFrameworksBuildPhase section */

/* Begin PBXGroup section */
		25BBADFB286D9EFA007D0922 /* ProductsSection */ = {
			isa = PBXGroup;
			children = (
				25FD5C74287032B400A0048A /* Service */,
				25BBAE0E286E0DED007D0922 /* ViewModel */,
				25BBAE0D286E0DE2007D0922 /* Controller */,
				25BBAE0B286E0DC8007D0922 /* Model */,
				25BBAE0A286E0DBF007D0922 /* View */,
			);
			path = ProductsSection;
			sourceTree = "<group>";
		};
		25BBAE0A286E0DBF007D0922 /* View */ = {
			isa = PBXGroup;
			children = (
				25BBADFC286D9F29007D0922 /* ProductsSection.storyboard */,
			);
			path = View;
			sourceTree = "<group>";
		};
		25BBAE0B286E0DC8007D0922 /* Model */ = {
			isa = PBXGroup;
			children = (
				25BBAE15286E0EF2007D0922 /* ProductData.swift */,
				25FD5C772870D4E700A0048A /* SubTableData.swift */,
				25FA1FE32872EF590099D6FF /* DetailTableData.swift */,
				25A364DF287829F900507DA5 /* ProductImageData.swift */,
			);
			path = Model;
			sourceTree = "<group>";
		};
		25BBAE0D286E0DE2007D0922 /* Controller */ = {
			isa = PBXGroup;
			children = (
				25FA1FE72872F3410099D6FF /* Cell */,
				25BBADFE286D9F3D007D0922 /* ProductsVC.swift */,
				25FD5C6E286E430700A0048A /* ProductListVC.swift */,
				25FD5C70286E432300A0048A /* CustomerServiceVC.swift */,
				25FD5C72286E435000A0048A /* SettingsVC.swift */,
				25FA1FE82872F68A0099D6FF /* ProductsDisplayVC.swift */,
			);
			path = Controller;
			sourceTree = "<group>";
		};
		25BBAE0E286E0DED007D0922 /* ViewModel */ = {
			isa = PBXGroup;
			children = (
				25BBAE0F286E0E51007D0922 /* ProductsViewModel.swift */,
				25FD5C792871084000A0048A /* SubTableViewModel.swift */,
				25FA1FE52872F0CB0099D6FF /* DetailsViewModel.swift */,
				25A364E128782B8500507DA5 /* ProductImageViewModel.swift */,
			);
			path = ViewModel;
			sourceTree = "<group>";
		};
		25FA1FE72872F3410099D6FF /* Cell */ = {
			isa = PBXGroup;
			children = (
				25FA1FA02871BD6C0099D6FF /* SubTVC.swift */,
				25BBAE13286E0ECF007D0922 /* ProductCVC.swift */,
				25FA1FEA287399870099D6FF /* DetailCVC.swift */,
			);
			path = Cell;
			sourceTree = "<group>";
		};
		25FD5C74287032B400A0048A /* Service */ = {
			isa = PBXGroup;
			children = (
				25FD5C75287032CF00A0048A /* ProductDataService.swift */,
			);
			path = Service;
			sourceTree = "<group>";
		};
		94CF0B32286B44420093D0F4 = {
			isa = PBXGroup;
			children = (
				94F83DD0286E3423001DAEA2 /* Category+CoreDataClass.swift */,
				94F83DD1286E3423001DAEA2 /* Category+CoreDataProperties.swift */,
				94F83DCC286E32DD001DAEA2 /* Review+CoreDataClass.swift */,
				94F83DCD286E32DD001DAEA2 /* Review+CoreDataProperties.swift */,
				94F83DC8286E31ED001DAEA2 /* Cart+CoreDataClass.swift */,
				94F83DC9286E31ED001DAEA2 /* Cart+CoreDataProperties.swift */,
				94F83DBE286E31AC001DAEA2 /* Product+CoreDataClass.swift */,
				94F83DBF286E31AC001DAEA2 /* Product+CoreDataProperties.swift */,
				94F83DC0286E31AC001DAEA2 /* User+CoreDataClass.swift */,
				94F83DC1286E31AC001DAEA2 /* User+CoreDataProperties.swift */,
				94CF0B3D286B44420093D0F4 /* Pick&PayStore */,
				94CF0B57286B44460093D0F4 /* Pick&PayStoreTests */,
				94CF0B61286B44460093D0F4 /* Pick&PayStoreUITests */,
				94CF0B3C286B44420093D0F4 /* Products */,
			);
			sourceTree = "<group>";
		};
		94CF0B3C286B44420093D0F4 /* Products */ = {
			isa = PBXGroup;
			children = (
				94CF0B3B286B44420093D0F4 /* Pick&PayStore.app */,
				94CF0B54286B44460093D0F4 /* Pick&PayStoreTests.xctest */,
				94CF0B5E286B44460093D0F4 /* Pick&PayStoreUITests.xctest */,
			);
			name = Products;
			sourceTree = "<group>";
		};
		94CF0B3D286B44420093D0F4 /* Pick&PayStore */ = {
			isa = PBXGroup;
			children = (
				25BBADFB286D9EFA007D0922 /* ProductsSection */,
				94E9E3AB286B8FF600B3CD2F /* UI */,
				94CF0B3E286B44420093D0F4 /* AppDelegate.swift */,
				94CF0B40286B44420093D0F4 /* SceneDelegate.swift */,
				94CF0B42286B44420093D0F4 /* ViewController.swift */,
				94CF0B44286B44420093D0F4 /* Main.storyboard */,
				94CF0B4A286B44460093D0F4 /* Assets.xcassets */,
				94CF0B4C286B44460093D0F4 /* LaunchScreen.storyboard */,
				94CF0B4F286B44460093D0F4 /* Info.plist */,
				94CF0B47286B44420093D0F4 /* Pick_PayStore.xcdatamodeld */,
			);
			path = "Pick&PayStore";
			sourceTree = "<group>";
		};
		94CF0B57286B44460093D0F4 /* Pick&PayStoreTests */ = {
			isa = PBXGroup;
			children = (
				94CF0B58286B44460093D0F4 /* Pick_PayStoreTests.swift */,
			);
			path = "Pick&PayStoreTests";
			sourceTree = "<group>";
		};
		94CF0B61286B44460093D0F4 /* Pick&PayStoreUITests */ = {
			isa = PBXGroup;
			children = (
				94CF0B62286B44460093D0F4 /* Pick_PayStoreUITests.swift */,
				94CF0B64286B44460093D0F4 /* Pick_PayStoreUITestsLaunchTests.swift */,
			);
			path = "Pick&PayStoreUITests";
			sourceTree = "<group>";
		};
		94E9E3AB286B8FF600B3CD2F /* UI */ = {
			isa = PBXGroup;
			children = (
				94E9E3AC286B92C400B3CD2F /* CustomUIView.swift */,
				94E9E3AE286B92DF00B3CD2F /* CustomUIButton.swift */,
				94E9E3B0286B92EE00B3CD2F /* CustomUIHeader.swift */,
				94E9E3B2286B936400B3CD2F /* UITest.storyboard */,
			);
			path = UI;
			sourceTree = "<group>";
		};
/* End PBXGroup section */

/* Begin PBXNativeTarget section */
		94CF0B3A286B44420093D0F4 /* Pick&PayStore */ = {
			isa = PBXNativeTarget;
			buildConfigurationList = 94CF0B68286B44460093D0F4 /* Build configuration list for PBXNativeTarget "Pick&PayStore" */;
			buildPhases = (
				94CF0B37286B44420093D0F4 /* Sources */,
				94CF0B38286B44420093D0F4 /* Frameworks */,
				94CF0B39286B44420093D0F4 /* Resources */,
			);
			buildRules = (
			);
			dependencies = (
			);
			name = "Pick&PayStore";
			productName = "Pick&PayStore";
			productReference = 94CF0B3B286B44420093D0F4 /* Pick&PayStore.app */;
			productType = "com.apple.product-type.application";
		};
		94CF0B53286B44460093D0F4 /* Pick&PayStoreTests */ = {
			isa = PBXNativeTarget;
			buildConfigurationList = 94CF0B6B286B44460093D0F4 /* Build configuration list for PBXNativeTarget "Pick&PayStoreTests" */;
			buildPhases = (
				94CF0B50286B44460093D0F4 /* Sources */,
				94CF0B51286B44460093D0F4 /* Frameworks */,
				94CF0B52286B44460093D0F4 /* Resources */,
			);
			buildRules = (
			);
			dependencies = (
				94CF0B56286B44460093D0F4 /* PBXTargetDependency */,
			);
			name = "Pick&PayStoreTests";
			productName = "Pick&PayStoreTests";
			productReference = 94CF0B54286B44460093D0F4 /* Pick&PayStoreTests.xctest */;
			productType = "com.apple.product-type.bundle.unit-test";
		};
		94CF0B5D286B44460093D0F4 /* Pick&PayStoreUITests */ = {
			isa = PBXNativeTarget;
			buildConfigurationList = 94CF0B6E286B44460093D0F4 /* Build configuration list for PBXNativeTarget "Pick&PayStoreUITests" */;
			buildPhases = (
				94CF0B5A286B44460093D0F4 /* Sources */,
				94CF0B5B286B44460093D0F4 /* Frameworks */,
				94CF0B5C286B44460093D0F4 /* Resources */,
			);
			buildRules = (
			);
			dependencies = (
				94CF0B60286B44460093D0F4 /* PBXTargetDependency */,
			);
			name = "Pick&PayStoreUITests";
			productName = "Pick&PayStoreUITests";
			productReference = 94CF0B5E286B44460093D0F4 /* Pick&PayStoreUITests.xctest */;
			productType = "com.apple.product-type.bundle.ui-testing";
		};
/* End PBXNativeTarget section */

/* Begin PBXProject section */
		94CF0B33286B44420093D0F4 /* Project object */ = {
			isa = PBXProject;
			attributes = {
				BuildIndependentTargetsInParallel = 1;
				LastSwiftUpdateCheck = 1340;
				LastUpgradeCheck = 1340;
				TargetAttributes = {
					94CF0B3A286B44420093D0F4 = {
						CreatedOnToolsVersion = 13.4.1;
					};
					94CF0B53286B44460093D0F4 = {
						CreatedOnToolsVersion = 13.4.1;
						TestTargetID = 94CF0B3A286B44420093D0F4;
					};
					94CF0B5D286B44460093D0F4 = {
						CreatedOnToolsVersion = 13.4.1;
						TestTargetID = 94CF0B3A286B44420093D0F4;
					};
				};
			};
			buildConfigurationList = 94CF0B36286B44420093D0F4 /* Build configuration list for PBXProject "Pick&PayStore" */;
			compatibilityVersion = "Xcode 13.0";
			developmentRegion = en;
			hasScannedForEncodings = 0;
			knownRegions = (
				en,
				Base,
			);
			mainGroup = 94CF0B32286B44420093D0F4;
			productRefGroup = 94CF0B3C286B44420093D0F4 /* Products */;
			projectDirPath = "";
			projectRoot = "";
			targets = (
				94CF0B3A286B44420093D0F4 /* Pick&PayStore */,
				94CF0B53286B44460093D0F4 /* Pick&PayStoreTests */,
				94CF0B5D286B44460093D0F4 /* Pick&PayStoreUITests */,
			);
		};
/* End PBXProject section */

/* Begin PBXResourcesBuildPhase section */
		94CF0B39286B44420093D0F4 /* Resources */ = {
			isa = PBXResourcesBuildPhase;
			buildActionMask = 2147483647;
			files = (
				25BBADFD286D9F29007D0922 /* ProductsSection.storyboard in Resources */,
				94CF0B4E286B44460093D0F4 /* LaunchScreen.storyboard in Resources */,
				94CF0B4B286B44460093D0F4 /* Assets.xcassets in Resources */,
				94E9E3B3286B936400B3CD2F /* UITest.storyboard in Resources */,
				94CF0B46286B44420093D0F4 /* Main.storyboard in Resources */,
			);
			runOnlyForDeploymentPostprocessing = 0;
		};
		94CF0B52286B44460093D0F4 /* Resources */ = {
			isa = PBXResourcesBuildPhase;
			buildActionMask = 2147483647;
			files = (
			);
			runOnlyForDeploymentPostprocessing = 0;
		};
		94CF0B5C286B44460093D0F4 /* Resources */ = {
			isa = PBXResourcesBuildPhase;
			buildActionMask = 2147483647;
			files = (
			);
			runOnlyForDeploymentPostprocessing = 0;
		};
/* End PBXResourcesBuildPhase section */

/* Begin PBXSourcesBuildPhase section */
		94CF0B37286B44420093D0F4 /* Sources */ = {
			isa = PBXSourcesBuildPhase;
			buildActionMask = 2147483647;
			files = (
				25FA1FE42872EF590099D6FF /* DetailTableData.swift in Sources */,
				25BBAE10286E0E51007D0922 /* ProductsViewModel.swift in Sources */,
				25BBAE16286E0EF2007D0922 /* ProductData.swift in Sources */,
				25BBADFF286D9F3D007D0922 /* ProductsVC.swift in Sources */,
				25BBAE14286E0ECF007D0922 /* ProductCVC.swift in Sources */,
				25FD5C6F286E430700A0048A /* ProductListVC.swift in Sources */,
				25FD5C73286E435000A0048A /* SettingsVC.swift in Sources */,
				25FA1FA12871BD6C0099D6FF /* SubTVC.swift in Sources */,
				94CF0B43286B44420093D0F4 /* ViewController.swift in Sources */,
				25FD5C782870D4E700A0048A /* SubTableData.swift in Sources */,
				94F83DCA286E31ED001DAEA2 /* Cart+CoreDataClass.swift in Sources */,
				94E9E3AD286B92C500B3CD2F /* CustomUIView.swift in Sources */,
				94F83DC6286E31AC001DAEA2 /* User+CoreDataClass.swift in Sources */,
				94F83DC5286E31AC001DAEA2 /* Product+CoreDataProperties.swift in Sources */,
				94F83DC4286E31AC001DAEA2 /* Product+CoreDataClass.swift in Sources */,
				25FD5C7A2871084000A0048A /* SubTableViewModel.swift in Sources */,
				94E9E3AF286B92DF00B3CD2F /* CustomUIButton.swift in Sources */,
				25FA1FE62872F0CB0099D6FF /* DetailsViewModel.swift in Sources */,
				25A364E228782B8500507DA5 /* ProductImageViewModel.swift in Sources */,
				25FD5C76287032CF00A0048A /* ProductDataService.swift in Sources */,
				94CF0B3F286B44420093D0F4 /* AppDelegate.swift in Sources */,
				94F83DD3286E3423001DAEA2 /* Category+CoreDataProperties.swift in Sources */,
				25FA1FE92872F68A0099D6FF /* ProductsDisplayVC.swift in Sources */,
				94CF0B41286B44420093D0F4 /* SceneDelegate.swift in Sources */,
				25A364E0287829F900507DA5 /* ProductImageData.swift in Sources */,
				94F83DD2286E3423001DAEA2 /* Category+CoreDataClass.swift in Sources */,
				94F83DCE286E32DD001DAEA2 /* Review+CoreDataClass.swift in Sources */,
				25FA1FEB287399870099D6FF /* DetailCVC.swift in Sources */,
				94CF0B49286B44420093D0F4 /* Pick_PayStore.xcdatamodeld in Sources */,
				25FD5C71286E432300A0048A /* CustomerServiceVC.swift in Sources */,
				94F83DCB286E31ED001DAEA2 /* Cart+CoreDataProperties.swift in Sources */,
				94F83DC7286E31AC001DAEA2 /* User+CoreDataProperties.swift in Sources */,
				94F83DCF286E32DD001DAEA2 /* Review+CoreDataProperties.swift in Sources */,
				94E9E3B1286B92EE00B3CD2F /* CustomUIHeader.swift in Sources */,
			);
			runOnlyForDeploymentPostprocessing = 0;
		};
		94CF0B50286B44460093D0F4 /* Sources */ = {
			isa = PBXSourcesBuildPhase;
			buildActionMask = 2147483647;
			files = (
				94CF0B59286B44460093D0F4 /* Pick_PayStoreTests.swift in Sources */,
			);
			runOnlyForDeploymentPostprocessing = 0;
		};
		94CF0B5A286B44460093D0F4 /* Sources */ = {
			isa = PBXSourcesBuildPhase;
			buildActionMask = 2147483647;
			files = (
				94CF0B65286B44460093D0F4 /* Pick_PayStoreUITestsLaunchTests.swift in Sources */,
				94CF0B63286B44460093D0F4 /* Pick_PayStoreUITests.swift in Sources */,
			);
			runOnlyForDeploymentPostprocessing = 0;
		};
/* End PBXSourcesBuildPhase section */

/* Begin PBXTargetDependency section */
		94CF0B56286B44460093D0F4 /* PBXTargetDependency */ = {
			isa = PBXTargetDependency;
			target = 94CF0B3A286B44420093D0F4 /* Pick&PayStore */;
			targetProxy = 94CF0B55286B44460093D0F4 /* PBXContainerItemProxy */;
		};
		94CF0B60286B44460093D0F4 /* PBXTargetDependency */ = {
			isa = PBXTargetDependency;
			target = 94CF0B3A286B44420093D0F4 /* Pick&PayStore */;
			targetProxy = 94CF0B5F286B44460093D0F4 /* PBXContainerItemProxy */;
		};
/* End PBXTargetDependency section */

/* Begin PBXVariantGroup section */
		94CF0B44286B44420093D0F4 /* Main.storyboard */ = {
			isa = PBXVariantGroup;
			children = (
				94CF0B45286B44420093D0F4 /* Base */,
			);
			name = Main.storyboard;
			sourceTree = "<group>";
		};
		94CF0B4C286B44460093D0F4 /* LaunchScreen.storyboard */ = {
			isa = PBXVariantGroup;
			children = (
				94CF0B4D286B44460093D0F4 /* Base */,
			);
			name = LaunchScreen.storyboard;
			sourceTree = "<group>";
		};
/* End PBXVariantGroup section */

/* Begin XCBuildConfiguration section */
		94CF0B66286B44460093D0F4 /* Debug */ = {
			isa = XCBuildConfiguration;
			buildSettings = {
				ALWAYS_SEARCH_USER_PATHS = NO;
				CLANG_ANALYZER_NONNULL = YES;
				CLANG_ANALYZER_NUMBER_OBJECT_CONVERSION = YES_AGGRESSIVE;
				CLANG_CXX_LANGUAGE_STANDARD = "gnu++17";
				CLANG_ENABLE_MODULES = YES;
				CLANG_ENABLE_OBJC_ARC = YES;
				CLANG_ENABLE_OBJC_WEAK = YES;
				CLANG_WARN_BLOCK_CAPTURE_AUTORELEASING = YES;
				CLANG_WARN_BOOL_CONVERSION = YES;
				CLANG_WARN_COMMA = YES;
				CLANG_WARN_CONSTANT_CONVERSION = YES;
				CLANG_WARN_DEPRECATED_OBJC_IMPLEMENTATIONS = YES;
				CLANG_WARN_DIRECT_OBJC_ISA_USAGE = YES_ERROR;
				CLANG_WARN_DOCUMENTATION_COMMENTS = YES;
				CLANG_WARN_EMPTY_BODY = YES;
				CLANG_WARN_ENUM_CONVERSION = YES;
				CLANG_WARN_INFINITE_RECURSION = YES;
				CLANG_WARN_INT_CONVERSION = YES;
				CLANG_WARN_NON_LITERAL_NULL_CONVERSION = YES;
				CLANG_WARN_OBJC_IMPLICIT_RETAIN_SELF = YES;
				CLANG_WARN_OBJC_LITERAL_CONVERSION = YES;
				CLANG_WARN_OBJC_ROOT_CLASS = YES_ERROR;
				CLANG_WARN_QUOTED_INCLUDE_IN_FRAMEWORK_HEADER = YES;
				CLANG_WARN_RANGE_LOOP_ANALYSIS = YES;
				CLANG_WARN_STRICT_PROTOTYPES = YES;
				CLANG_WARN_SUSPICIOUS_MOVE = YES;
				CLANG_WARN_UNGUARDED_AVAILABILITY = YES_AGGRESSIVE;
				CLANG_WARN_UNREACHABLE_CODE = YES;
				CLANG_WARN__DUPLICATE_METHOD_MATCH = YES;
				COPY_PHASE_STRIP = NO;
				DEBUG_INFORMATION_FORMAT = dwarf;
				ENABLE_STRICT_OBJC_MSGSEND = YES;
				ENABLE_TESTABILITY = YES;
				GCC_C_LANGUAGE_STANDARD = gnu11;
				GCC_DYNAMIC_NO_PIC = NO;
				GCC_NO_COMMON_BLOCKS = YES;
				GCC_OPTIMIZATION_LEVEL = 0;
				GCC_PREPROCESSOR_DEFINITIONS = (
					"DEBUG=1",
					"$(inherited)",
				);
				GCC_WARN_64_TO_32_BIT_CONVERSION = YES;
				GCC_WARN_ABOUT_RETURN_TYPE = YES_ERROR;
				GCC_WARN_UNDECLARED_SELECTOR = YES;
				GCC_WARN_UNINITIALIZED_AUTOS = YES_AGGRESSIVE;
				GCC_WARN_UNUSED_FUNCTION = YES;
				GCC_WARN_UNUSED_VARIABLE = YES;
				IPHONEOS_DEPLOYMENT_TARGET = 15.0;
				MTL_ENABLE_DEBUG_INFO = INCLUDE_SOURCE;
				MTL_FAST_MATH = YES;
				ONLY_ACTIVE_ARCH = YES;
				SDKROOT = iphoneos;
				SWIFT_ACTIVE_COMPILATION_CONDITIONS = DEBUG;
				SWIFT_OPTIMIZATION_LEVEL = "-Onone";
			};
			name = Debug;
		};
		94CF0B67286B44460093D0F4 /* Release */ = {
			isa = XCBuildConfiguration;
			buildSettings = {
				ALWAYS_SEARCH_USER_PATHS = NO;
				CLANG_ANALYZER_NONNULL = YES;
				CLANG_ANALYZER_NUMBER_OBJECT_CONVERSION = YES_AGGRESSIVE;
				CLANG_CXX_LANGUAGE_STANDARD = "gnu++17";
				CLANG_ENABLE_MODULES = YES;
				CLANG_ENABLE_OBJC_ARC = YES;
				CLANG_ENABLE_OBJC_WEAK = YES;
				CLANG_WARN_BLOCK_CAPTURE_AUTORELEASING = YES;
				CLANG_WARN_BOOL_CONVERSION = YES;
				CLANG_WARN_COMMA = YES;
				CLANG_WARN_CONSTANT_CONVERSION = YES;
				CLANG_WARN_DEPRECATED_OBJC_IMPLEMENTATIONS = YES;
				CLANG_WARN_DIRECT_OBJC_ISA_USAGE = YES_ERROR;
				CLANG_WARN_DOCUMENTATION_COMMENTS = YES;
				CLANG_WARN_EMPTY_BODY = YES;
				CLANG_WARN_ENUM_CONVERSION = YES;
				CLANG_WARN_INFINITE_RECURSION = YES;
				CLANG_WARN_INT_CONVERSION = YES;
				CLANG_WARN_NON_LITERAL_NULL_CONVERSION = YES;
				CLANG_WARN_OBJC_IMPLICIT_RETAIN_SELF = YES;
				CLANG_WARN_OBJC_LITERAL_CONVERSION = YES;
				CLANG_WARN_OBJC_ROOT_CLASS = YES_ERROR;
				CLANG_WARN_QUOTED_INCLUDE_IN_FRAMEWORK_HEADER = YES;
				CLANG_WARN_RANGE_LOOP_ANALYSIS = YES;
				CLANG_WARN_STRICT_PROTOTYPES = YES;
				CLANG_WARN_SUSPICIOUS_MOVE = YES;
				CLANG_WARN_UNGUARDED_AVAILABILITY = YES_AGGRESSIVE;
				CLANG_WARN_UNREACHABLE_CODE = YES;
				CLANG_WARN__DUPLICATE_METHOD_MATCH = YES;
				COPY_PHASE_STRIP = NO;
				DEBUG_INFORMATION_FORMAT = "dwarf-with-dsym";
				ENABLE_NS_ASSERTIONS = NO;
				ENABLE_STRICT_OBJC_MSGSEND = YES;
				GCC_C_LANGUAGE_STANDARD = gnu11;
				GCC_NO_COMMON_BLOCKS = YES;
				GCC_WARN_64_TO_32_BIT_CONVERSION = YES;
				GCC_WARN_ABOUT_RETURN_TYPE = YES_ERROR;
				GCC_WARN_UNDECLARED_SELECTOR = YES;
				GCC_WARN_UNINITIALIZED_AUTOS = YES_AGGRESSIVE;
				GCC_WARN_UNUSED_FUNCTION = YES;
				GCC_WARN_UNUSED_VARIABLE = YES;
				IPHONEOS_DEPLOYMENT_TARGET = 15.0;
				MTL_ENABLE_DEBUG_INFO = NO;
				MTL_FAST_MATH = YES;
				SDKROOT = iphoneos;
				SWIFT_COMPILATION_MODE = wholemodule;
				SWIFT_OPTIMIZATION_LEVEL = "-O";
				VALIDATE_PRODUCT = YES;
			};
			name = Release;
		};
		94CF0B69286B44460093D0F4 /* Debug */ = {
			isa = XCBuildConfiguration;
			buildSettings = {
				ASSETCATALOG_COMPILER_APPICON_NAME = AppIcon;
				ASSETCATALOG_COMPILER_GLOBAL_ACCENT_COLOR_NAME = AccentColor;
				CODE_SIGN_STYLE = Automatic;
				CURRENT_PROJECT_VERSION = 1;
				GENERATE_INFOPLIST_FILE = YES;
				INFOPLIST_FILE = "Pick&PayStore/Info.plist";
				INFOPLIST_KEY_UIApplicationSupportsIndirectInputEvents = YES;
				INFOPLIST_KEY_UILaunchStoryboardName = LaunchScreen;
				INFOPLIST_KEY_UIMainStoryboardFile = Main;
				INFOPLIST_KEY_UISupportedInterfaceOrientations_iPad = "UIInterfaceOrientationPortrait UIInterfaceOrientationPortraitUpsideDown UIInterfaceOrientationLandscapeLeft UIInterfaceOrientationLandscapeRight";
				INFOPLIST_KEY_UISupportedInterfaceOrientations_iPhone = "UIInterfaceOrientationPortrait UIInterfaceOrientationLandscapeLeft UIInterfaceOrientationLandscapeRight";
				LD_RUNPATH_SEARCH_PATHS = (
					"$(inherited)",
					"@executable_path/Frameworks",
				);
				MARKETING_VERSION = 1.0;
				PRODUCT_BUNDLE_IDENTIFIER = "Sevag.Pick-PayStore";
				PRODUCT_NAME = "$(TARGET_NAME)";
				SWIFT_EMIT_LOC_STRINGS = YES;
				SWIFT_VERSION = 5.0;
				TARGETED_DEVICE_FAMILY = "1,2";
			};
			name = Debug;
		};
		94CF0B6A286B44460093D0F4 /* Release */ = {
			isa = XCBuildConfiguration;
			buildSettings = {
				ASSETCATALOG_COMPILER_APPICON_NAME = AppIcon;
				ASSETCATALOG_COMPILER_GLOBAL_ACCENT_COLOR_NAME = AccentColor;
				CODE_SIGN_STYLE = Automatic;
				CURRENT_PROJECT_VERSION = 1;
				GENERATE_INFOPLIST_FILE = YES;
				INFOPLIST_FILE = "Pick&PayStore/Info.plist";
				INFOPLIST_KEY_UIApplicationSupportsIndirectInputEvents = YES;
				INFOPLIST_KEY_UILaunchStoryboardName = LaunchScreen;
				INFOPLIST_KEY_UIMainStoryboardFile = Main;
				INFOPLIST_KEY_UISupportedInterfaceOrientations_iPad = "UIInterfaceOrientationPortrait UIInterfaceOrientationPortraitUpsideDown UIInterfaceOrientationLandscapeLeft UIInterfaceOrientationLandscapeRight";
				INFOPLIST_KEY_UISupportedInterfaceOrientations_iPhone = "UIInterfaceOrientationPortrait UIInterfaceOrientationLandscapeLeft UIInterfaceOrientationLandscapeRight";
				LD_RUNPATH_SEARCH_PATHS = (
					"$(inherited)",
					"@executable_path/Frameworks",
				);
				MARKETING_VERSION = 1.0;
				PRODUCT_BUNDLE_IDENTIFIER = "Sevag.Pick-PayStore";
				PRODUCT_NAME = "$(TARGET_NAME)";
				SWIFT_EMIT_LOC_STRINGS = YES;
				SWIFT_VERSION = 5.0;
				TARGETED_DEVICE_FAMILY = "1,2";
			};
			name = Release;
		};
		94CF0B6C286B44460093D0F4 /* Debug */ = {
			isa = XCBuildConfiguration;
			buildSettings = {
				ALWAYS_EMBED_SWIFT_STANDARD_LIBRARIES = YES;
				BUNDLE_LOADER = "$(TEST_HOST)";
				CODE_SIGN_STYLE = Automatic;
				CURRENT_PROJECT_VERSION = 1;
				GENERATE_INFOPLIST_FILE = YES;
				IPHONEOS_DEPLOYMENT_TARGET = 15.5;
				MARKETING_VERSION = 1.0;
				PRODUCT_BUNDLE_IDENTIFIER = "Sevag.Pick-PayStoreTests";
				PRODUCT_NAME = "$(TARGET_NAME)";
				SWIFT_EMIT_LOC_STRINGS = NO;
				SWIFT_VERSION = 5.0;
				TARGETED_DEVICE_FAMILY = "1,2";
				TEST_HOST = "$(BUILT_PRODUCTS_DIR)/Pick&PayStore.app/Pick&PayStore";
			};
			name = Debug;
		};
		94CF0B6D286B44460093D0F4 /* Release */ = {
			isa = XCBuildConfiguration;
			buildSettings = {
				ALWAYS_EMBED_SWIFT_STANDARD_LIBRARIES = YES;
				BUNDLE_LOADER = "$(TEST_HOST)";
				CODE_SIGN_STYLE = Automatic;
				CURRENT_PROJECT_VERSION = 1;
				GENERATE_INFOPLIST_FILE = YES;
				IPHONEOS_DEPLOYMENT_TARGET = 15.5;
				MARKETING_VERSION = 1.0;
				PRODUCT_BUNDLE_IDENTIFIER = "Sevag.Pick-PayStoreTests";
				PRODUCT_NAME = "$(TARGET_NAME)";
				SWIFT_EMIT_LOC_STRINGS = NO;
				SWIFT_VERSION = 5.0;
				TARGETED_DEVICE_FAMILY = "1,2";
				TEST_HOST = "$(BUILT_PRODUCTS_DIR)/Pick&PayStore.app/Pick&PayStore";
			};
			name = Release;
		};
		94CF0B6F286B44460093D0F4 /* Debug */ = {
			isa = XCBuildConfiguration;
			buildSettings = {
				ALWAYS_EMBED_SWIFT_STANDARD_LIBRARIES = YES;
				CODE_SIGN_STYLE = Automatic;
				CURRENT_PROJECT_VERSION = 1;
				GENERATE_INFOPLIST_FILE = YES;
				MARKETING_VERSION = 1.0;
				PRODUCT_BUNDLE_IDENTIFIER = "Sevag.Pick-PayStoreUITests";
				PRODUCT_NAME = "$(TARGET_NAME)";
				SWIFT_EMIT_LOC_STRINGS = NO;
				SWIFT_VERSION = 5.0;
				TARGETED_DEVICE_FAMILY = "1,2";
				TEST_TARGET_NAME = "Pick&PayStore";
			};
			name = Debug;
		};
		94CF0B70286B44460093D0F4 /* Release */ = {
			isa = XCBuildConfiguration;
			buildSettings = {
				ALWAYS_EMBED_SWIFT_STANDARD_LIBRARIES = YES;
				CODE_SIGN_STYLE = Automatic;
				CURRENT_PROJECT_VERSION = 1;
				GENERATE_INFOPLIST_FILE = YES;
				MARKETING_VERSION = 1.0;
				PRODUCT_BUNDLE_IDENTIFIER = "Sevag.Pick-PayStoreUITests";
				PRODUCT_NAME = "$(TARGET_NAME)";
				SWIFT_EMIT_LOC_STRINGS = NO;
				SWIFT_VERSION = 5.0;
				TARGETED_DEVICE_FAMILY = "1,2";
				TEST_TARGET_NAME = "Pick&PayStore";
			};
			name = Release;
		};
/* End XCBuildConfiguration section */

/* Begin XCConfigurationList section */
		94CF0B36286B44420093D0F4 /* Build configuration list for PBXProject "Pick&PayStore" */ = {
			isa = XCConfigurationList;
			buildConfigurations = (
				94CF0B66286B44460093D0F4 /* Debug */,
				94CF0B67286B44460093D0F4 /* Release */,
			);
			defaultConfigurationIsVisible = 0;
			defaultConfigurationName = Release;
		};
		94CF0B68286B44460093D0F4 /* Build configuration list for PBXNativeTarget "Pick&PayStore" */ = {
			isa = XCConfigurationList;
			buildConfigurations = (
				94CF0B69286B44460093D0F4 /* Debug */,
				94CF0B6A286B44460093D0F4 /* Release */,
			);
			defaultConfigurationIsVisible = 0;
			defaultConfigurationName = Release;
		};
		94CF0B6B286B44460093D0F4 /* Build configuration list for PBXNativeTarget "Pick&PayStoreTests" */ = {
			isa = XCConfigurationList;
			buildConfigurations = (
				94CF0B6C286B44460093D0F4 /* Debug */,
				94CF0B6D286B44460093D0F4 /* Release */,
			);
			defaultConfigurationIsVisible = 0;
			defaultConfigurationName = Release;
		};
		94CF0B6E286B44460093D0F4 /* Build configuration list for PBXNativeTarget "Pick&PayStoreUITests" */ = {
			isa = XCConfigurationList;
			buildConfigurations = (
				94CF0B6F286B44460093D0F4 /* Debug */,
				94CF0B70286B44460093D0F4 /* Release */,
			);
			defaultConfigurationIsVisible = 0;
			defaultConfigurationName = Release;
		};
/* End XCConfigurationList section */

/* Begin XCVersionGroup section */
		94CF0B47286B44420093D0F4 /* Pick_PayStore.xcdatamodeld */ = {
			isa = XCVersionGroup;
			children = (
				94CF0B48286B44420093D0F4 /* Pick_PayStore.xcdatamodel */,
			);
			currentVersion = 94CF0B48286B44420093D0F4 /* Pick_PayStore.xcdatamodel */;
			path = Pick_PayStore.xcdatamodeld;
			sourceTree = "<group>";
			versionGroupType = wrapper.xcdatamodel;
		};
/* End XCVersionGroup section */
	};
	rootObject = 94CF0B33286B44420093D0F4 /* Project object */;
}
